
Microsoft Visual Studio Solution File, Format Version 12.00
# Visual Studio Version 16
VisualStudioVersion = 16.0.31112.23
MinimumVisualStudioVersion = 10.0.40219.1
Project("{9A19103F-16F7-4668-BE54-9A1E7A4F7556}") = "RobotController.Tests", "RobotController.Tests\RobotController.Tests.csproj", "{CB882561-B9A8-4CD8-BE74-1C275D3C102D}"
EndProject
Project("{2150E333-8FDC-42A3-9474-1A3956D46DE8}") = "src", "src", "{E277B593-2B32-4651-AF2F-5180E82F3459}"
EndProject
Project("{2150E333-8FDC-42A3-9474-1A3956D46DE8}") = "tests", "tests", "{C93207DC-3AA4-4632-9038-BDE55537010C}"
EndProject
Project("{FAE04EC0-301F-11D3-BF4B-00C04F79EFBC}") = "RobotController", "RobotController\RobotController.csproj", "{9AE875C0-70C0-489C-8454-0D670C217EE7}"
EndProject
Project("{FAE04EC0-301F-11D3-BF4B-00C04F79EFBC}") = "RobotController.Core", "RobotController.Core\RobotController.Core.csproj", "{52885974-48E4-454D-B60E-F77FB8DD89D7}"
EndProject
Global
	GlobalSection(SolutionConfigurationPlatforms) = preSolution
		Debug|Any CPU = Debug|Any CPU
		Release|Any CPU = Release|Any CPU
	EndGlobalSection
	GlobalSection(ProjectConfigurationPlatforms) = postSolution
		{CB882561-B9A8-4CD8-BE74-1C275D3C102D}.Debug|Any CPU.ActiveCfg = Debug|Any CPU
		{CB882561-B9A8-4CD8-BE74-1C275D3C102D}.Debug|Any CPU.Build.0 = Debug|Any CPU
		{CB882561-B9A8-4CD8-BE74-1C275D3C102D}.Release|Any CPU.ActiveCfg = Release|Any CPU
		{CB882561-B9A8-4CD8-BE74-1C275D3C102D}.Release|Any CPU.Build.0 = Release|Any CPU
		{9AE875C0-70C0-489C-8454-0D670C217EE7}.Debug|Any CPU.ActiveCfg = Debug|Any CPU
		{9AE875C0-70C0-489C-8454-0D670C217EE7}.Debug|Any CPU.Build.0 = Debug|Any CPU
		{9AE875C0-70C0-489C-8454-0D670C217EE7}.Release|Any CPU.ActiveCfg = Release|Any CPU
		{9AE875C0-70C0-489C-8454-0D670C217EE7}.Release|Any CPU.Build.0 = Release|Any CPU
		{52885974-48E4-454D-B60E-F77FB8DD89D7}.Debug|Any CPU.ActiveCfg = Debug|Any CPU
		{52885974-48E4-454D-B60E-F77FB8DD89D7}.Debug|Any CPU.Build.0 = Debug|Any CPU
		{52885974-48E4-454D-B60E-F77FB8DD89D7}.Release|Any CPU.ActiveCfg = Release|Any CPU
		{52885974-48E4-454D-B60E-F77FB8DD89D7}.Release|Any CPU.Build.0 = Release|Any CPU
	EndGlobalSection
	GlobalSection(SolutionProperties) = preSolution
		HideSolutionNode = FALSE
	EndGlobalSection
	GlobalSection(NestedProjects) = preSolution
		{CB882561-B9A8-4CD8-BE74-1C275D3C102D} = {C93207DC-3AA4-4632-9038-BDE55537010C}
		{9AE875C0-70C0-489C-8454-0D670C217EE7} = {E277B593-2B32-4651-AF2F-5180E82F3459}
		{52885974-48E4-454D-B60E-F77FB8DD89D7} = {E277B593-2B32-4651-AF2F-5180E82F3459}
	EndGlobalSection
	GlobalSection(ExtensibilityGlobals) = postSolution
		SolutionGuid = {DA427835-00BD-4D3F-BC85-015F02C8A565}
	EndGlobalSection
EndGlobal
